# This file was autogenerated by Stack.
# You should not edit this file by hand.
# For more information, please see the documentation at:
#   https://docs.haskellstack.org/en/stable/lock_files

packages:
- completed:
    hackage: base16-bytestring-1.0.2.0@sha256:a694e88f9ec9fc79f0b03f233d3fea592b68f70a34aac2ddb5bcaecb6562e2fd,2630
    pantry-tree:
      sha256: cb1cf706d7e993bb333391309017b9ad529a509f275aab191bc85206da7763f5
      size: 595
  original:
    hackage: base16-bytestring-1.0.2.0
- completed:
    hackage: base64-bytestring-1.2.1.0@sha256:45305ccf8914c66d385b518721472c7b8c858f1986945377f74f85c1e0d49803,2502
    pantry-tree:
      sha256: 9e58b1adc5eb2805118c1539d325363d94043370671fb0f13fbe90aaeea3ff44
      size: 850
  original:
    hackage: base64-bytestring-1.2.1.0
- completed:
    hackage: boring-0.2.1@sha256:8c79a8aaaef562f2d20ada462e1498ed962a7a76072acd2a06ddb61d23229ee4,2087
    pantry-tree:
      sha256: fb7093d0e01763c037b33526e95e0467a597da75a9a402a769b8df5af4e53c37
      size: 216
  original:
    hackage: boring-0.2.1
- completed:
    hackage: case-insensitive-1.2.1.0@sha256:9dfd3171fc7698cf8d931727d3af3a7b389135b583e46b5adac1f9d2026fff61,2244
    pantry-tree:
      sha256: d6f175b17eacce002fc5336c17e119d989bd97f8ad9702446163c9e27c7c79b7
      size: 688
  original:
    hackage: case-insensitive-1.2.1.0
- completed:
    hackage: cassava-0.5.3.0@sha256:8409eafe3615c72dbf1af4f2338b50a8b470087a1639349854bbcda9ff332c20,6142
    pantry-tree:
      sha256: 435382c44128b8e21bcad439025d739d898430b889dff53a4a5ac0dc2a4b6270
      size: 1551
  original:
    hackage: cassava-0.5.3.0
- completed:
    hackage: cborg-0.2.9.0@sha256:2ff53fbfb463dcb285cbcf6624f78bbe986850dab2816a99aa6112ec135912cd,5189
    pantry-tree:
      sha256: 4efa09fa0a605b771dd90cef061ddc2feb1b8505bd35ef2e5720bb45df45395f
      size: 2559
  original:
    hackage: cborg-0.2.9.0
- completed:
    hackage: serialise-0.2.6.0@sha256:eba4aae0ae552e58c4e1f27186764551b98591e3bd92e852c40655e3b35924c9,8776
    pantry-tree:
      sha256: cf5033e7264b1f74b8234efc355c973029f424b2853a5893611aa78eda204e71
      size: 4056
  original:
    hackage: serialise-0.2.6.0
- completed:
    hackage: composition-prelude-3.0.0.2@sha256:1ffed216bd28d810fce0b5be83a661e2a892696d73b3f8de5c0f5edb9b5f0090,1216
    pantry-tree:
      sha256: 94fc1c55e9065ae575315ac52a552d0e03beaefef4669a58a9745c6d71b4dd6b
      size: 284
  original:
    hackage: composition-prelude-3.0.0.2
- completed:
    hackage: constraints-0.13.4@sha256:0d8834307bb6798ac937955c00155c26d671b5df147f5622d335d1094290fd36,2504
    pantry-tree:
      sha256: c74dab1ffbdd096ee0d71ce9662be556d8d37d7d65428de565a062efc8dd64f0
      size: 867
  original:
    hackage: constraints-0.13.4
- completed:
    hackage: constraints-extras-0.4.0.0@sha256:0e8f22d1e1fabf1f6625f44319967aecf53cd8a0d5844492f309d338a05aaab9,1857
    pantry-tree:
      sha256: ec0cd348db56cc5051262ce79e76a41e771dda151a57f1b7906072fd1395b859
      size: 595
  original:
    hackage: constraints-extras-0.4.0.0
- completed:
    hackage: cryptonite-0.30@sha256:12c85dea7be63e5ad90bcb487eb3846bf3c413347f94336fa1dede7b28f9936a,18301
    pantry-tree:
      sha256: df1cbe4cc40d569cc75ffed40bc5deac43cb085653980b42b9b6a5d4b745a30a
      size: 23323
  original:
    hackage: cryptonite-0.30
- completed:
    hackage: data-default-class-0.1.2.0@sha256:63e62120b7efd733a5a17cf59ceb43268e9a929c748127172d7d42f4a336e327,542
    pantry-tree:
      sha256: 5017630b11698aefa65fc61cab84a257ce97833c968d425e1b2d53d6c3b5c096
      size: 224
  original:
    hackage: data-default-class-0.1.2.0
- completed:
    hackage: dependent-sum-0.7.2.0@sha256:16215db5d1f62897ace34167726f7a9b51a91ce5be12e4de456ffb673a9acb63,2148
    pantry-tree:
      sha256: d941f9bc0c22d64accb4c7f0b39978bbab40613030613b70ac9ceac938d77347
      size: 290
  original:
    hackage: dependent-sum-0.7.2.0
- completed:
    hackage: dependent-sum-template-0.1.1.1@sha256:f3789e58ec1b0b91fbe4009708b3c6c5e34975a4059073eb855a0fe8ff287bd8,1847
    pantry-tree:
      sha256: f22ce42e4c26be1548047fc51214ce158f5672d630b9ce260513b8b9bcfc2a9f
      size: 436
  original:
    hackage: dependent-sum-template-0.1.1.1
- completed:
    hackage: deriving-compat-0.6.5@sha256:21457d9b8f1cb3797886eb8fa4777273d593326eb130119c0a598e54ccd97324,9527
    pantry-tree:
      sha256: 3cb420ff1818bff4c14a97af801cf667738db65347be9f87b16b86065c4959ce
      size: 2635
  original:
    hackage: deriving-compat-0.6.5
- completed:
    hackage: extra-1.7.14@sha256:e3d3ce1dc7746b1132930e48c59fb5e8c51a09e92e0c031316be031067a273fb,2707
    pantry-tree:
      sha256: 22bd4bbf11717a50e009bbbcb685038d1a45799c71abaf993edd93edcd0b2bc2
      size: 1960
  original:
    hackage: extra-1.7.14
- completed:
    hackage: flat-0.6@sha256:fbb17e2ae8ec5a7e02d74b505178b92ceb19ef991054c625ea570d33a595dfa3,7464
    pantry-tree:
      sha256: 113fd05091deedc18c46a172b6b619d07c05c401b6c0ad408324657ddcb96ea1
      size: 4834
  original:
    hackage: flat-0.6
- completed:
    hackage: formatting-7.2.0@sha256:7ace29c0d228ef6d69b811df3274de4ebbc5e5de1628cecbd87e3b1a387ff7be,3655
    pantry-tree:
      sha256: 5ae522db3d90597ba455b0746dcece62ece0e9b3a6b2529512f342a702e1ab54
      size: 1314
  original:
    hackage: formatting-7.2.0
- completed:
    hackage: basement-0.0.16@sha256:e9458cbe67f396fb81900ec65852a582a2b7febd09b17a85adee576c8d7cc321,5404
    pantry-tree:
      sha256: 868afcc62edd1c3af6405ee0a5d1bcc0cdc0919114e26299c7fd63706c750973
      size: 5799
  original:
    hackage: basement-0.0.16
- completed:
    hackage: foundation-0.0.30@sha256:f9107086a049503e5a76a9abf17ec08d14745d4a0e14ca69f18a3f966e3b85c7,11583
    pantry-tree:
      sha256: c80f184cabd42593c99d52527260c04c8b67d13df77fc8d571c7871cc27a9b53
      size: 9902
  original:
    hackage: foundation-0.0.30
- completed:
    hackage: half-0.3.1@sha256:5aabf5325762b2d6335b9e3f88602431af2b954e14b058bea3e93168a8e0eb53,2058
    pantry-tree:
      sha256: e44f2e2dba15466712f8a5c523bdccb2e6c7e70506a23e6d45766f82fcbbd4b0
      size: 502
  original:
    hackage: half-0.3.1
- completed:
    hackage: memory-0.18.0@sha256:e12bde756b01c1a28c62e46f0f8433c4890898051a786794a7d88907ca14abca,4468
    pantry-tree:
      sha256: 55d15393452ad50b1f8dbe3ff2c4961a3cde9381f2c348f904449a3339c6951d
      size: 2436
  original:
    hackage: memory-0.18.0
- completed:
    hackage: megaparsec-9.2.1@sha256:d3756f634324f4d3ae57088bbf544723871cdb584508fc9b5c9e33ad9de3d313,3354
    pantry-tree:
      sha256: c7899d6fde1f3f56a094af8894ad1d4815332053c390992634202ba1d59804f2
      size: 1518
  original:
    hackage: megaparsec-9.2.1
- completed:
    hackage: microlens-0.4.13.1@sha256:0cd8a0da5fe1b5a5c327bb5296d30940dc9f92c169372939bfcecd3faee953d7,4642
    pantry-tree:
      sha256: 8cf825336264bb5b0434b2b57fc808b84e503c4ec4106d5e05d975f22b9ca5cd
      size: 461
  original:
    hackage: microlens-0.4.13.1
- completed:
    hackage: nothunks-0.1.4@sha256:158408cef4c3ca69639f2c4faf2349301c352402fe645c3713d19a5470409a59,2721
    pantry-tree:
      sha256: 0936859aeed87970feacf076cfe1e48caf27a076c11a84fa17cf15472bfaecac
      size: 388
  original:
    hackage: nothunks-0.1.4
- completed:
    hackage: parser-combinators-1.3.0@sha256:edd54ba56cbae8fadbcceebcfef31b2c70a835e92e5eda41151b939c40647281,1570
    pantry-tree:
      sha256: 0754c8d3f213156877f8085da2ad74433167a6c30272b8b64119a2628bd7ade0
      size: 795
  original:
    hackage: parser-combinators-1.3.0
- completed:
    hackage: prettyprinter-1.7.1@sha256:9c43c9d8c3cd9f445596e5a2379574bba87f935a4d1fa41b5407ee3cf4edc743,6987
    pantry-tree:
      sha256: cd6f393bf7cba603a1958a139915fc343efd5488e36fd7b3b5c6956c002d04fa
      size: 3460
  original:
    hackage: prettyprinter-1.7.1
- completed:
    hackage: recursion-schemes-5.2.2.4@sha256:b4f3bfbd1385e598c46ecaa683042cadec37da3a0381ed5f3197bd0075766e19,3887
    pantry-tree:
      sha256: 5146c81e0b10122cc46c4bb2527ee19bc501e3a92c127bd3cbc6d0cf0937bc2e
      size: 747
  original:
    hackage: recursion-schemes-5.2.2.4
- completed:
    hackage: safe-exceptions-0.1.7.4@sha256:f4aad0eca90044cb1eba53b84f75d5fa142d25d695117730bf31178d409c4fe0,1398
    pantry-tree:
      sha256: 3531373b84e300871a9b1a5d94e4fef72bc3ac765ce12a4f732f8c197c512bbb
      size: 511
  original:
    hackage: safe-exceptions-0.1.7.4
- completed:
    hackage: some-1.0.5@sha256:73c92435fa929a9c589678f41680d1a7cb96364e351adeefd4ba5e85026e3804,2007
    pantry-tree:
      sha256: a6dde378b6e0369682d3cc47be89f5c83a34950c643cac54573669ca10d351ca
      size: 823
  original:
    hackage: some-1.0.5
- completed:
    hackage: th-compat-0.1.4@sha256:3e7d1b8f9c72cab04c8dfdfd26589dd7f31e015ad640a207aca3b654577532ff,3224
    pantry-tree:
      sha256: 22abff303e4ee9faaa1e0a1aa8237a94341f67435f300d0dfdf2325950cd7257
      size: 530
  original:
    hackage: th-compat-0.1.4
- completed:
    hackage: type-equality-1@sha256:556006736473a9a4434591812e7106b1db2389faf364a9eaf87d5b4305921b56,1625
    pantry-tree:
      sha256: db0d2491828d9ed0170bdbc9d440336594893dafd9be55a1d194c5243e2e5b94
      size: 313
  original:
    hackage: type-equality-1
- completed:
    name: cardano-binary
    pantry-tree:
      sha256: 6649c1221f458e4502bfa53bf03efed55c57925ec81dbf9b936238fbbe2f6884
      size: 1717
    sha256: 69bc39486b2ded88c21137ad19c76a93bb40d3c778f74ef664c2edca0e951752
    size: 317102
    subdir: cardano-binary
    url: https://github.com/input-output-hk/cardano-base/archive/292b6e91169ffd7ed04753c41a0fb05ec6adae92.tar.gz
    version: 1.7.0.1
  original:
    subdir: cardano-binary
    url: https://github.com/input-output-hk/cardano-base/archive/292b6e91169ffd7ed04753c41a0fb05ec6adae92.tar.gz
- completed:
    name: cardano-crypto-class
    pantry-tree:
      sha256: 27adb134dfcad81c2d6df2c745f0178e32529811fbee2cd3cf0ff70424a36666
      size: 4207
    sha256: 69bc39486b2ded88c21137ad19c76a93bb40d3c778f74ef664c2edca0e951752
    size: 317102
    subdir: cardano-crypto-class
    url: https://github.com/input-output-hk/cardano-base/archive/292b6e91169ffd7ed04753c41a0fb05ec6adae92.tar.gz
    version: 2.1.2.0
  original:
    subdir: cardano-crypto-class
    url: https://github.com/input-output-hk/cardano-base/archive/292b6e91169ffd7ed04753c41a0fb05ec6adae92.tar.gz
- completed:
    name: cardano-strict-containers
    pantry-tree:
      sha256: 19f0ab240dabb70cb0354a0b119392f124b4df9aa159fe6cc9402453b2558515
      size: 533
    sha256: 69bc39486b2ded88c21137ad19c76a93bb40d3c778f74ef664c2edca0e951752
    size: 317102
    subdir: cardano-strict-containers
    url: https://github.com/input-output-hk/cardano-base/archive/292b6e91169ffd7ed04753c41a0fb05ec6adae92.tar.gz
    version: 0.1.2.1
  original:
    subdir: cardano-strict-containers
    url: https://github.com/input-output-hk/cardano-base/archive/292b6e91169ffd7ed04753c41a0fb05ec6adae92.tar.gz
- completed:
    name: heapwords
    pantry-tree:
      sha256: d5c34597612e6244db1f259b3f6bba446fabbea80db43c8334f2afbe51870fd5
      size: 269
    sha256: 69bc39486b2ded88c21137ad19c76a93bb40d3c778f74ef664c2edca0e951752
    size: 317102
    subdir: heapwords
    url: https://github.com/input-output-hk/cardano-base/archive/292b6e91169ffd7ed04753c41a0fb05ec6adae92.tar.gz
    version: 0.1.0.2
  original:
    subdir: heapwords
    url: https://github.com/input-output-hk/cardano-base/archive/292b6e91169ffd7ed04753c41a0fb05ec6adae92.tar.gz
- completed:
    name: cardano-crypto
    pantry-tree:
      sha256: 73aa1e30ceedea09651bfead5a5e8f019b331a5994fca894b59b5a6561b8208a
      size: 5301
    sha256: 898c137b3f2bd004c6879946a57eb6bf7e924d216930406ce6f0e5b18036e972
    size: 144565
    url: https://github.com/input-output-hk/cardano-crypto/archive/6568a5e8f1bc231afaae9cc9f6a997d094438859.tar.gz
    version: 1.1.2
  original:
    url: https://github.com/input-output-hk/cardano-crypto/archive/6568a5e8f1bc231afaae9cc9f6a997d094438859.tar.gz
- completed:
    hackage: th-lift-instances-0.1.20@sha256:c7886eb39760825b8861c68e48b2b5efb5eff8d2cb76201fdd0fb04bcbeff78e,2608
    pantry-tree:
      sha256: 0498495a69ca395d95b12a67b6884adaec4ca9ab76b9a62ca76ba064e35a08ff
      size: 526
  original:
    hackage: th-lift-instances-0.1.20
- completed:
    hackage: deriving-aeson-0.2.9@sha256:957bd6da5a4f40f74ea8c485084c3e48dd9278073f95809f068b02bdcf9c3892,1356
    pantry-tree:
      sha256: bbdae421e4af750c93fbb49ff71bad8e6c1033e5616c5ea40bf7d28707c43d18
      size: 443
  original:
    hackage: deriving-aeson-0.2.9
- completed:
    hackage: hedgehog-1.2@sha256:cb20b0f1dad7a7e4461085ea2d8ef084a19d0d5f137133bf88d1fd2f7ce9a5aa,4561
    pantry-tree:
      sha256: 6b7dd0b695855ea1257f2c011f8aa1340eb83a38991260bd8ed68caf7e49d026
      size: 2713
  original:
    hackage: hedgehog-1.2
- completed:
    hackage: bimap-0.5.0@sha256:aba506d02a1c93fc2b50dcbe728d2a4d07cca89b7033945418061a0b08576ebd,1889
    pantry-tree:
      sha256: 285f5e86640f4bef3b7a60991defb8dd4b3714f8c294495d1136da182c1315a3
      size: 470
  original:
    hackage: bimap-0.5.0
- completed:
    hackage: multiset-0.3.4.3@sha256:968192524bd38ffa29856e1e3f9f6f8a5704f98899d4b25f8ebd425001594f61,1790
    pantry-tree:
      sha256: d00fb169c0b060714fdca909bd526265f288d0748bd10e64fd56c0a8a5db01b6
      size: 497
  original:
    hackage: multiset-0.3.4.3
- completed:
    hackage: profunctors-5.6.2@sha256:e178ba4468982326656626e2089e296f64485e68fdddc9f4476dcd5d612b4f78,2484
    pantry-tree:
      sha256: 477b4e6a997aa6d470a4355814c3c654641824dad07058ea77b20c2e9a7d7699
      size: 1588
  original:
    hackage: profunctors-5.6.2
- completed:
    hackage: semigroups-0.20@sha256:925341e6f7eb104cb490bef06eab93bb7995c7c67c51ee938185a2ddefa7aaf2,6333
    pantry-tree:
      sha256: d4d3f0b32a68cf8808fcb8d2de117ab9ec09dbfec93a297aa3d386ca79a0fe05
      size: 481
  original:
    hackage: semigroups-0.20
- completed:
    hackage: witherable-0.4.2@sha256:cec516b35df0ff53ab0068e70a912a0ba7b65c672fbc554727183faa195ad3b8,2342
    pantry-tree:
      sha256: 0a64b4d06cc5b28b81c001c5f9d306ca8630c206245b313b41660e210fb1edb0
      size: 384
  original:
    hackage: witherable-0.4.2
- completed:
    hackage: th-lift-0.8.4@sha256:1bb5bab13b61be2bdecf977d5cf274e8ba2ed76b5058a15a021687ebc159b36f,2710
    pantry-tree:
      sha256: 8981b343c335c16b1b0178e753ae11e6f45b95a95fae929d297565b4203ad6f0
      size: 543
  original:
    hackage: th-lift-0.8.4
- completed:
    hackage: th-utilities-0.2.5.0@sha256:877897307b015fbd7c55f1b0b321214d98ec75128d6db097e7849ceea86c0e93,1860
    pantry-tree:
      sha256: 8f0235d37dd11a83f42ac95211717beb5f8470537e6561255ca72aa8054a30be
      size: 936
  original:
    hackage: th-utilities-0.2.5.0
- completed:
    hackage: mmorph-1.2.0@sha256:df9b213ec18f811cb3137b478d148f3f1680ee43f841cb775835fa282fdb0295,1083
    pantry-tree:
      sha256: 3dff3f49e5604657a2874faa3a0a2f38990a02b48d6c2b6ae56c2f22b4184a04
      size: 346
  original:
    hackage: mmorph-1.2.0
- completed:
    hackage: monoidal-containers-0.6.4.0@sha256:3c166ccab83631926a4786fada21d7c212f053bc15f389f1fbb16f0b88315b35,2331
    pantry-tree:
      sha256: 893f399409f8b7b27ffd2036aebf78462cdd80d7af19c7a4ef24751ab15336aa
      size: 569
  original:
    hackage: monoidal-containers-0.6.4.0
- completed:
    hackage: dlist-1.0@sha256:55ff69d20ce638fc7727342ee67f2f868da61d3dcf3763f790bf9aa0b145e568,3812
    pantry-tree:
      sha256: 2dc4a62f01d4f0dfda74b700478f56f560513c6adabd0b7bc5da5aa284d2df57
      size: 953
  original:
    hackage: dlist-1.0
- completed:
    hackage: free-5.2@sha256:4dd76c1a19f81d7866e7b75682350f1ef3e0441b19b4d07eccdd9ef326a0be70,4176
    pantry-tree:
      sha256: a130bece7ed773a9c80837648a178187d2e64b6b7f48d445a06a768bfccf6d2e
      size: 3130
  original:
    hackage: free-5.2
- completed:
    hackage: foldable1-classes-compat-0.1@sha256:fb4b3cedd33d5c22c573c39baa930c78eaa4feb22d43abb680c3149f8ab9fa4e,3782
    pantry-tree:
      sha256: 44114992b224a7455902ebc790c849b215081178abb4b640d085571aa1617e71
      size: 518
  original:
    hackage: foldable1-classes-compat-0.1
- completed:
    hackage: algebraic-graphs-0.7@sha256:ae59cdfe6b9ae7df4453a2158346071c7962fe91bb7ab9c3a579ec988fa63dfd,8800
    pantry-tree:
      sha256: b1d919ea336877d69ce1e0b1fe51580cb2201cb2893f5ecf113099f6e050ab87
      size: 4347
  original:
    hackage: algebraic-graphs-0.7
- completed:
    hackage: ral-0.2.1@sha256:f87a25d1993a6e32aaa97c81fa84ba071e4134267d44d144dc555e3bb6d4a168,3674
    pantry-tree:
      sha256: bb680994bedfee240614f8434a8d7114f577415f01da66a3975b4608ab582c0b
      size: 937
  original:
    hackage: ral-0.2.1
- completed:
    hackage: nonempty-vector-0.2.2.0@sha256:df796b25706c5e70ee5490128cbc2070a612f40f5306c538b660f6899a7684a8,1409
    pantry-tree:
      sha256: 9c2519f25cea9481143ded5c4bb3d36fd0839f5718967bf3cec27964a5a51e33
      size: 488
  original:
    hackage: nonempty-vector-0.2.2.0
snapshots:
- completed:
    sha256: 428ec8d5ce932190d3cbe266b9eb3c175cd81e984babf876b64019e2cbe4ea68
    size: 590100
    url: https://raw.githubusercontent.com/commercialhaskell/stackage-snapshots/master/lts/18/28.yaml
  original: lts-18.28
